
Microsoft Visual Studio Solution File, Format Version 12.00
# Visual Studio Version 16
VisualStudioVersion = 16.0.30517.126
MinimumVisualStudioVersion = 10.0.40219.1
Project("{FAE04EC0-301F-11D3-BF4B-00C04F79EFBC}") = "bitCOINcalcilator", "bitCOINcalcilator\bitCOINcalcilator.csproj", "{984864C2-D028-402B-9EA0-8D8BEE4D8F28}"
EndProject
Global
	GlobalSection(SolutionConfigurationPlatforms) = preSolution
		Debug|Any CPU = Debug|Any CPU
		Release|Any CPU = Release|Any CPU
	EndGlobalSection
	GlobalSection(ProjectConfigurationPlatforms) = postSolution
		{984864C2-D028-402B-9EA0-8D8BEE4D8F28}.Debug|Any CPU.ActiveCfg = Debug|Any CPU
		{984864C2-D028-402B-9EA0-8D8BEE4D8F28}.Debug|Any CPU.Build.0 = Debug|Any CPU
		{984864C2-D028-402B-9EA0-8D8BEE4D8F28}.Release|Any CPU.ActiveCfg = Release|Any CPU
		{984864C2-D028-402B-9EA0-8D8BEE4D8F28}.Release|Any CPU.Build.0 = Release|Any CPU
	EndGlobalSection
	GlobalSection(SolutionProperties) = preSolution
		HideSolutionNode = FALSE
	EndGlobalSection
	GlobalSection(ExtensibilityGlobals) = postSolution
		SolutionGuid = {E72BB504-1D3A-4BD9-8D14-1A419E78C25D}
	EndGlobalSection
EndGlobal
